
Microsoft Visual Studio Solution File, Format Version 12.00
# Visual Studio Version 17
VisualStudioVersion = 17.1.31903.286
MinimumVisualStudioVersion = 10.0.40219.1
Project("{9A19103F-16F7-4668-BE54-9A1E7A4F7556}") = "part 1", "lab 7\part 1.csproj", "{511AC9D3-161E-42F9-8E8D-18C66C520165}"
EndProject
Project("{9A19103F-16F7-4668-BE54-9A1E7A4F7556}") = "part 2", "part 2\part 2.csproj", "{9EFDE66E-7242-4F3B-990D-9B38251806E6}"
EndProject
Project("{FAE04EC0-301F-11D3-BF4B-00C04F79EFBC}") = "part 1 (1)", "part 1 (1)\part 1 (1).csproj", "{C1757C6A-45B4-4C39-B0B9-44F4E11B371B}"
EndProject
Project("{FAE04EC0-301F-11D3-BF4B-00C04F79EFBC}") = "part 2 (1)", "part 2 (1)\part 2 (1).csproj", "{A22D94B1-59A5-4FF0-8C94-DE4D7210DED4}"
EndProject
Global
	GlobalSection(SolutionConfigurationPlatforms) = preSolution
		Debug|Any CPU = Debug|Any CPU
		Release|Any CPU = Release|Any CPU
	EndGlobalSection
	GlobalSection(ProjectConfigurationPlatforms) = postSolution
		{511AC9D3-161E-42F9-8E8D-18C66C520165}.Debug|Any CPU.ActiveCfg = Debug|Any CPU
		{511AC9D3-161E-42F9-8E8D-18C66C520165}.Debug|Any CPU.Build.0 = Debug|Any CPU
		{511AC9D3-161E-42F9-8E8D-18C66C520165}.Release|Any CPU.ActiveCfg = Release|Any CPU
		{511AC9D3-161E-42F9-8E8D-18C66C520165}.Release|Any CPU.Build.0 = Release|Any CPU
		{9EFDE66E-7242-4F3B-990D-9B38251806E6}.Debug|Any CPU.ActiveCfg = Debug|Any CPU
		{9EFDE66E-7242-4F3B-990D-9B38251806E6}.Debug|Any CPU.Build.0 = Debug|Any CPU
		{9EFDE66E-7242-4F3B-990D-9B38251806E6}.Release|Any CPU.ActiveCfg = Release|Any CPU
		{9EFDE66E-7242-4F3B-990D-9B38251806E6}.Release|Any CPU.Build.0 = Release|Any CPU
		{C1757C6A-45B4-4C39-B0B9-44F4E11B371B}.Debug|Any CPU.ActiveCfg = Debug|Any CPU
		{C1757C6A-45B4-4C39-B0B9-44F4E11B371B}.Debug|Any CPU.Build.0 = Debug|Any CPU
		{C1757C6A-45B4-4C39-B0B9-44F4E11B371B}.Release|Any CPU.ActiveCfg = Release|Any CPU
		{C1757C6A-45B4-4C39-B0B9-44F4E11B371B}.Release|Any CPU.Build.0 = Release|Any CPU
		{A22D94B1-59A5-4FF0-8C94-DE4D7210DED4}.Debug|Any CPU.ActiveCfg = Debug|Any CPU
		{A22D94B1-59A5-4FF0-8C94-DE4D7210DED4}.Debug|Any CPU.Build.0 = Debug|Any CPU
		{A22D94B1-59A5-4FF0-8C94-DE4D7210DED4}.Release|Any CPU.ActiveCfg = Release|Any CPU
		{A22D94B1-59A5-4FF0-8C94-DE4D7210DED4}.Release|Any CPU.Build.0 = Release|Any CPU
	EndGlobalSection
	GlobalSection(SolutionProperties) = preSolution
		HideSolutionNode = FALSE
	EndGlobalSection
	GlobalSection(ExtensibilityGlobals) = postSolution
		SolutionGuid = {0EE61282-B87F-460D-ACF1-1F8DF3638DE4}
	EndGlobalSection
EndGlobal
